// !$*UTF8*$!
{
	archiveVersion = 1;
	classes = {
	};
	objectVersion = 55;
	objects = {

/* Begin PBXBuildFile section */
		C6827F10287CD6A400078791 /* AppDelegate.swift in Sources */ = {isa = PBXBuildFile; fileRef = C6827F0F287CD6A400078791 /* AppDelegate.swift */; };
		C6827F12287CD6A400078791 /* SceneDelegate.swift in Sources */ = {isa = PBXBuildFile; fileRef = C6827F11287CD6A400078791 /* SceneDelegate.swift */; };
		C6827F19287CD6A600078791 /* Assets.xcassets in Resources */ = {isa = PBXBuildFile; fileRef = C6827F18287CD6A600078791 /* Assets.xcassets */; };
		C6827F1C287CD6A600078791 /* LaunchScreen.storyboard in Resources */ = {isa = PBXBuildFile; fileRef = C6827F1A287CD6A600078791 /* LaunchScreen.storyboard */; };
		C6827F27287CD6A600078791 /* ProjectATests.swift in Sources */ = {isa = PBXBuildFile; fileRef = C6827F26287CD6A600078791 /* ProjectATests.swift */; };
		C6827F31287CD6A600078791 /* ProjectAUITests.swift in Sources */ = {isa = PBXBuildFile; fileRef = C6827F30287CD6A600078791 /* ProjectAUITests.swift */; };
		C6827F33287CD6A600078791 /* ProjectAUITestsLaunchTests.swift in Sources */ = {isa = PBXBuildFile; fileRef = C6827F32287CD6A600078791 /* ProjectAUITestsLaunchTests.swift */; };
		C6827F42287CD9BF00078791 /* PACityListView.swift in Sources */ = {isa = PBXBuildFile; fileRef = C6827F41287CD9BF00078791 /* PACityListView.swift */; };
		C6827F44287CDD8300078791 /* PAWeatherClient.swift in Sources */ = {isa = PBXBuildFile; fileRef = C6827F43287CDD8300078791 /* PAWeatherClient.swift */; };
		C6827F48287CF0A400078791 /* PAWeatherForecast.swift in Sources */ = {isa = PBXBuildFile; fileRef = C6827F47287CF0A400078791 /* PAWeatherForecast.swift */; };
		C6827F4A287CF10B00078791 /* PAWeatherForecastProvider.swift in Sources */ = {isa = PBXBuildFile; fileRef = C6827F49287CF10B00078791 /* PAWeatherForecastProvider.swift */; };
		C6827F4C287CF93D00078791 /* PACity.swift in Sources */ = {isa = PBXBuildFile; fileRef = C6827F4B287CF93D00078791 /* PACity.swift */; };
		C6827F4E287E52C200078791 /* PACityListItemView.swift in Sources */ = {isa = PBXBuildFile; fileRef = C6827F4D287E52C200078791 /* PACityListItemView.swift */; };
		C6827F50287E531200078791 /* PAWeatherUnit.swift in Sources */ = {isa = PBXBuildFile; fileRef = C6827F4F287E531200078791 /* PAWeatherUnit.swift */; };
		C6827F52287E535100078791 /* PAWeatherForecastData.swift in Sources */ = {isa = PBXBuildFile; fileRef = C6827F51287E535100078791 /* PAWeatherForecastData.swift */; };
		C6827F54287E53B000078791 /* PAWeeklyWeatherForecastData.swift in Sources */ = {isa = PBXBuildFile; fileRef = C6827F53287E53B000078791 /* PAWeeklyWeatherForecastData.swift */; };
/* End PBXBuildFile section */

/* Begin PBXContainerItemProxy section */
		C6827F23287CD6A600078791 /* PBXContainerItemProxy */ = {
			isa = PBXContainerItemProxy;
			containerPortal = C6827F04287CD6A400078791 /* Project object */;
			proxyType = 1;
			remoteGlobalIDString = C6827F0B287CD6A400078791;
			remoteInfo = ProjectA;
		};
		C6827F2D287CD6A600078791 /* PBXContainerItemProxy */ = {
			isa = PBXContainerItemProxy;
			containerPortal = C6827F04287CD6A400078791 /* Project object */;
			proxyType = 1;
			remoteGlobalIDString = C6827F0B287CD6A400078791;
			remoteInfo = ProjectA;
		};
/* End PBXContainerItemProxy section */

/* Begin PBXFileReference section */
		C6827F0C287CD6A400078791 /* ProjectA.app */ = {isa = PBXFileReference; explicitFileType = wrapper.application; includeInIndex = 0; path = ProjectA.app; sourceTree = BUILT_PRODUCTS_DIR; };
		C6827F0F287CD6A400078791 /* AppDelegate.swift */ = {isa = PBXFileReference; lastKnownFileType = sourcecode.swift; path = AppDelegate.swift; sourceTree = "<group>"; };
		C6827F11287CD6A400078791 /* SceneDelegate.swift */ = {isa = PBXFileReference; lastKnownFileType = sourcecode.swift; path = SceneDelegate.swift; sourceTree = "<group>"; };
		C6827F18287CD6A600078791 /* Assets.xcassets */ = {isa = PBXFileReference; lastKnownFileType = folder.assetcatalog; path = Assets.xcassets; sourceTree = "<group>"; };
		C6827F1B287CD6A600078791 /* Base */ = {isa = PBXFileReference; lastKnownFileType = file.storyboard; name = Base; path = Base.lproj/LaunchScreen.storyboard; sourceTree = "<group>"; };
		C6827F1D287CD6A600078791 /* Info.plist */ = {isa = PBXFileReference; lastKnownFileType = text.plist.xml; path = Info.plist; sourceTree = "<group>"; };
		C6827F22287CD6A600078791 /* ProjectATests.xctest */ = {isa = PBXFileReference; explicitFileType = wrapper.cfbundle; includeInIndex = 0; path = ProjectATests.xctest; sourceTree = BUILT_PRODUCTS_DIR; };
		C6827F26287CD6A600078791 /* ProjectATests.swift */ = {isa = PBXFileReference; lastKnownFileType = sourcecode.swift; path = ProjectATests.swift; sourceTree = "<group>"; };
		C6827F2C287CD6A600078791 /* ProjectAUITests.xctest */ = {isa = PBXFileReference; explicitFileType = wrapper.cfbundle; includeInIndex = 0; path = ProjectAUITests.xctest; sourceTree = BUILT_PRODUCTS_DIR; };
		C6827F30287CD6A600078791 /* ProjectAUITests.swift */ = {isa = PBXFileReference; lastKnownFileType = sourcecode.swift; path = ProjectAUITests.swift; sourceTree = "<group>"; };
		C6827F32287CD6A600078791 /* ProjectAUITestsLaunchTests.swift */ = {isa = PBXFileReference; lastKnownFileType = sourcecode.swift; path = ProjectAUITestsLaunchTests.swift; sourceTree = "<group>"; };
		C6827F41287CD9BF00078791 /* PACityListView.swift */ = {isa = PBXFileReference; lastKnownFileType = sourcecode.swift; path = PACityListView.swift; sourceTree = "<group>"; };
		C6827F43287CDD8300078791 /* PAWeatherClient.swift */ = {isa = PBXFileReference; lastKnownFileType = sourcecode.swift; path = PAWeatherClient.swift; sourceTree = "<group>"; };
		C6827F47287CF0A400078791 /* PAWeatherForecast.swift */ = {isa = PBXFileReference; lastKnownFileType = sourcecode.swift; path = PAWeatherForecast.swift; sourceTree = "<group>"; };
		C6827F49287CF10B00078791 /* PAWeatherForecastProvider.swift */ = {isa = PBXFileReference; lastKnownFileType = sourcecode.swift; path = PAWeatherForecastProvider.swift; sourceTree = "<group>"; };
		C6827F4B287CF93D00078791 /* PACity.swift */ = {isa = PBXFileReference; lastKnownFileType = sourcecode.swift; path = PACity.swift; sourceTree = "<group>"; };
		C6827F4D287E52C200078791 /* PACityListItemView.swift */ = {isa = PBXFileReference; lastKnownFileType = sourcecode.swift; path = PACityListItemView.swift; sourceTree = "<group>"; };
		C6827F4F287E531200078791 /* PAWeatherUnit.swift */ = {isa = PBXFileReference; lastKnownFileType = sourcecode.swift; path = PAWeatherUnit.swift; sourceTree = "<group>"; };
		C6827F51287E535100078791 /* PAWeatherForecastData.swift */ = {isa = PBXFileReference; lastKnownFileType = sourcecode.swift; path = PAWeatherForecastData.swift; sourceTree = "<group>"; };
		C6827F53287E53B000078791 /* PAWeeklyWeatherForecastData.swift */ = {isa = PBXFileReference; lastKnownFileType = sourcecode.swift; path = PAWeeklyWeatherForecastData.swift; sourceTree = "<group>"; };
/* End PBXFileReference section */

/* Begin PBXFrameworksBuildPhase section */
		C6827F09287CD6A400078791 /* Frameworks */ = {
			isa = PBXFrameworksBuildPhase;
			buildActionMask = 2147483647;
			files = (
			);
			runOnlyForDeploymentPostprocessing = 0;
		};
		C6827F1F287CD6A600078791 /* Frameworks */ = {
			isa = PBXFrameworksBuildPhase;
			buildActionMask = 2147483647;
			files = (
			);
			runOnlyForDeploymentPostprocessing = 0;
		};
		C6827F29287CD6A600078791 /* Frameworks */ = {
			isa = PBXFrameworksBuildPhase;
			buildActionMask = 2147483647;
			files = (
			);
			runOnlyForDeploymentPostprocessing = 0;
		};
/* End PBXFrameworksBuildPhase section */

/* Begin PBXGroup section */
		C6827F03287CD6A400078791 = {
			isa = PBXGroup;
			children = (
				C6827F0E287CD6A400078791 /* ProjectA */,
				C6827F25287CD6A600078791 /* ProjectATests */,
				C6827F2F287CD6A600078791 /* ProjectAUITests */,
				C6827F0D287CD6A400078791 /* Products */,
			);
			sourceTree = "<group>";
		};
		C6827F0D287CD6A400078791 /* Products */ = {
			isa = PBXGroup;
			children = (
				C6827F0C287CD6A400078791 /* ProjectA.app */,
				C6827F22287CD6A600078791 /* ProjectATests.xctest */,
				C6827F2C287CD6A600078791 /* ProjectAUITests.xctest */,
			);
			name = Products;
			sourceTree = "<group>";
		};
		C6827F0E287CD6A400078791 /* ProjectA */ = {
			isa = PBXGroup;
			children = (
				C6827F40287CD7F400078791 /* ProjectAUI */,
				C6827F3F287CD7E100078791 /* ProjectACore */,
				C6827F0F287CD6A400078791 /* AppDelegate.swift */,
				C6827F11287CD6A400078791 /* SceneDelegate.swift */,
				C6827F18287CD6A600078791 /* Assets.xcassets */,
				C6827F1A287CD6A600078791 /* LaunchScreen.storyboard */,
				C6827F1D287CD6A600078791 /* Info.plist */,
			);
			path = ProjectA;
			sourceTree = "<group>";
		};
		C6827F25287CD6A600078791 /* ProjectATests */ = {
			isa = PBXGroup;
			children = (
				C6827F26287CD6A600078791 /* ProjectATests.swift */,
			);
			path = ProjectATests;
			sourceTree = "<group>";
		};
		C6827F2F287CD6A600078791 /* ProjectAUITests */ = {
			isa = PBXGroup;
			children = (
				C6827F30287CD6A600078791 /* ProjectAUITests.swift */,
				C6827F32287CD6A600078791 /* ProjectAUITestsLaunchTests.swift */,
			);
			path = ProjectAUITests;
			sourceTree = "<group>";
		};
		C6827F3F287CD7E100078791 /* ProjectACore */ = {
			isa = PBXGroup;
			children = (
				C6827F46287CF08F00078791 /* Model */,
				C6827F45287CF08200078791 /* Network */,
			);
			path = ProjectACore;
			sourceTree = "<group>";
		};
		C6827F40287CD7F400078791 /* ProjectAUI */ = {
			isa = PBXGroup;
			children = (
				C6827F41287CD9BF00078791 /* PACityListView.swift */,
				C6827F4D287E52C200078791 /* PACityListItemView.swift */,
			);
			path = ProjectAUI;
			sourceTree = "<group>";
		};
		C6827F45287CF08200078791 /* Network */ = {
			isa = PBXGroup;
			children = (
				C6827F43287CDD8300078791 /* PAWeatherClient.swift */,
			);
			path = Network;
			sourceTree = "<group>";
		};
		C6827F46287CF08F00078791 /* Model */ = {
			isa = PBXGroup;
			children = (
				C6827F4B287CF93D00078791 /* PACity.swift */,
				C6827F47287CF0A400078791 /* PAWeatherForecast.swift */,
				C6827F51287E535100078791 /* PAWeatherForecastData.swift */,
				C6827F49287CF10B00078791 /* PAWeatherForecastProvider.swift */,
				C6827F4F287E531200078791 /* PAWeatherUnit.swift */,
				C6827F53287E53B000078791 /* PAWeeklyWeatherForecastData.swift */,
			);
			path = Model;
			sourceTree = "<group>";
		};
/* End PBXGroup section */

/* Begin PBXNativeTarget section */
		C6827F0B287CD6A400078791 /* ProjectA */ = {
			isa = PBXNativeTarget;
			buildConfigurationList = C6827F36287CD6A600078791 /* Build configuration list for PBXNativeTarget "ProjectA" */;
			buildPhases = (
				C6827F08287CD6A400078791 /* Sources */,
				C6827F09287CD6A400078791 /* Frameworks */,
				C6827F0A287CD6A400078791 /* Resources */,
			);
			buildRules = (
			);
			dependencies = (
			);
			name = ProjectA;
			productName = ProjectA;
			productReference = C6827F0C287CD6A400078791 /* ProjectA.app */;
			productType = "com.apple.product-type.application";
		};
		C6827F21287CD6A600078791 /* ProjectATests */ = {
			isa = PBXNativeTarget;
			buildConfigurationList = C6827F39287CD6A600078791 /* Build configuration list for PBXNativeTarget "ProjectATests" */;
			buildPhases = (
				C6827F1E287CD6A600078791 /* Sources */,
				C6827F1F287CD6A600078791 /* Frameworks */,
				C6827F20287CD6A600078791 /* Resources */,
			);
			buildRules = (
			);
			dependencies = (
				C6827F24287CD6A600078791 /* PBXTargetDependency */,
			);
			name = ProjectATests;
			productName = ProjectATests;
			productReference = C6827F22287CD6A600078791 /* ProjectATests.xctest */;
			productType = "com.apple.product-type.bundle.unit-test";
		};
		C6827F2B287CD6A600078791 /* ProjectAUITests */ = {
			isa = PBXNativeTarget;
			buildConfigurationList = C6827F3C287CD6A600078791 /* Build configuration list for PBXNativeTarget "ProjectAUITests" */;
			buildPhases = (
				C6827F28287CD6A600078791 /* Sources */,
				C6827F29287CD6A600078791 /* Frameworks */,
				C6827F2A287CD6A600078791 /* Resources */,
			);
			buildRules = (
			);
			dependencies = (
				C6827F2E287CD6A600078791 /* PBXTargetDependency */,
			);
			name = ProjectAUITests;
			productName = ProjectAUITests;
			productReference = C6827F2C287CD6A600078791 /* ProjectAUITests.xctest */;
			productType = "com.apple.product-type.bundle.ui-testing";
		};
/* End PBXNativeTarget section */

/* Begin PBXProject section */
		C6827F04287CD6A400078791 /* Project object */ = {
			isa = PBXProject;
			attributes = {
				BuildIndependentTargetsInParallel = 1;
				LastSwiftUpdateCheck = 1340;
				LastUpgradeCheck = 1340;
				TargetAttributes = {
					C6827F0B287CD6A400078791 = {
						CreatedOnToolsVersion = 13.4;
					};
					C6827F21287CD6A600078791 = {
						CreatedOnToolsVersion = 13.4;
						TestTargetID = C6827F0B287CD6A400078791;
					};
					C6827F2B287CD6A600078791 = {
						CreatedOnToolsVersion = 13.4;
						TestTargetID = C6827F0B287CD6A400078791;
					};
				};
			};
			buildConfigurationList = C6827F07287CD6A400078791 /* Build configuration list for PBXProject "ProjectA" */;
			compatibilityVersion = "Xcode 13.0";
			developmentRegion = en;
			hasScannedForEncodings = 0;
			knownRegions = (
				en,
				Base,
			);
			mainGroup = C6827F03287CD6A400078791;
			productRefGroup = C6827F0D287CD6A400078791 /* Products */;
			projectDirPath = "";
			projectRoot = "";
			targets = (
				C6827F0B287CD6A400078791 /* ProjectA */,
				C6827F21287CD6A600078791 /* ProjectATests */,
				C6827F2B287CD6A600078791 /* ProjectAUITests */,
			);
		};
/* End PBXProject section */

/* Begin PBXResourcesBuildPhase section */
		C6827F0A287CD6A400078791 /* Resources */ = {
			isa = PBXResourcesBuildPhase;
			buildActionMask = 2147483647;
			files = (
				C6827F1C287CD6A600078791 /* LaunchScreen.storyboard in Resources */,
				C6827F19287CD6A600078791 /* Assets.xcassets in Resources */,
			);
			runOnlyForDeploymentPostprocessing = 0;
		};
		C6827F20287CD6A600078791 /* Resources */ = {
			isa = PBXResourcesBuildPhase;
			buildActionMask = 2147483647;
			files = (
			);
			runOnlyForDeploymentPostprocessing = 0;
		};
		C6827F2A287CD6A600078791 /* Resources */ = {
			isa = PBXResourcesBuildPhase;
			buildActionMask = 2147483647;
			files = (
			);
			runOnlyForDeploymentPostprocessing = 0;
		};
/* End PBXResourcesBuildPhase section */

/* Begin PBXSourcesBuildPhase section */
		C6827F08287CD6A400078791 /* Sources */ = {
			isa = PBXSourcesBuildPhase;
			buildActionMask = 2147483647;
			files = (
				C6827F10287CD6A400078791 /* AppDelegate.swift in Sources */,
				C6827F42287CD9BF00078791 /* PACityListView.swift in Sources */,
				C6827F4A287CF10B00078791 /* PAWeatherForecastProvider.swift in Sources */,
				C6827F4E287E52C200078791 /* PACityListItemView.swift in Sources */,
				C6827F52287E535100078791 /* PAWeatherForecastData.swift in Sources */,
				C6827F4C287CF93D00078791 /* PACity.swift in Sources */,
				C6827F50287E531200078791 /* PAWeatherUnit.swift in Sources */,
				C6827F12287CD6A400078791 /* SceneDelegate.swift in Sources */,
				C6827F44287CDD8300078791 /* PAWeatherClient.swift in Sources */,
				C6827F48287CF0A400078791 /* PAWeatherForecast.swift in Sources */,
				C6827F54287E53B000078791 /* PAWeeklyWeatherForecastData.swift in Sources */,
			);
			runOnlyForDeploymentPostprocessing = 0;
		};
		C6827F1E287CD6A600078791 /* Sources */ = {
			isa = PBXSourcesBuildPhase;
			buildActionMask = 2147483647;
			files = (
				C6827F27287CD6A600078791 /* ProjectATests.swift in Sources */,
			);
			runOnlyForDeploymentPostprocessing = 0;
		};
		C6827F28287CD6A600078791 /* Sources */ = {
			isa = PBXSourcesBuildPhase;
			buildActionMask = 2147483647;
			files = (
				C6827F33287CD6A600078791 /* ProjectAUITestsLaunchTests.swift in Sources */,
				C6827F31287CD6A600078791 /* ProjectAUITests.swift in Sources */,
			);
			runOnlyForDeploymentPostprocessing = 0;
		};
/* End PBXSourcesBuildPhase section */

/* Begin PBXTargetDependency section */
		C6827F24287CD6A600078791 /* PBXTargetDependency */ = {
			isa = PBXTargetDependency;
			target = C6827F0B287CD6A400078791 /* ProjectA */;
			targetProxy = C6827F23287CD6A600078791 /* PBXContainerItemProxy */;
		};
		C6827F2E287CD6A600078791 /* PBXTargetDependency */ = {
			isa = PBXTargetDependency;
			target = C6827F0B287CD6A400078791 /* ProjectA */;
			targetProxy = C6827F2D287CD6A600078791 /* PBXContainerItemProxy */;
		};
/* End PBXTargetDependency section */

/* Begin PBXVariantGroup section */
		C6827F1A287CD6A600078791 /* LaunchScreen.storyboard */ = {
			isa = PBXVariantGroup;
			children = (
				C6827F1B287CD6A600078791 /* Base */,
			);
			name = LaunchScreen.storyboard;
			sourceTree = "<group>";
		};
/* End PBXVariantGroup section */

/* Begin XCBuildConfiguration section */
		C6827F34287CD6A600078791 /* Debug */ = {
			isa = XCBuildConfiguration;
			buildSettings = {
				ALWAYS_SEARCH_USER_PATHS = NO;
				CLANG_ANALYZER_NONNULL = YES;
				CLANG_ANALYZER_NUMBER_OBJECT_CONVERSION = YES_AGGRESSIVE;
				CLANG_CXX_LANGUAGE_STANDARD = "gnu++17";
				CLANG_ENABLE_MODULES = YES;
				CLANG_ENABLE_OBJC_ARC = YES;
				CLANG_ENABLE_OBJC_WEAK = YES;
				CLANG_WARN_BLOCK_CAPTURE_AUTORELEASING = YES;
				CLANG_WARN_BOOL_CONVERSION = YES;
				CLANG_WARN_COMMA = YES;
				CLANG_WARN_CONSTANT_CONVERSION = YES;
				CLANG_WARN_DEPRECATED_OBJC_IMPLEMENTATIONS = YES;
				CLANG_WARN_DIRECT_OBJC_ISA_USAGE = YES_ERROR;
				CLANG_WARN_DOCUMENTATION_COMMENTS = YES;
				CLANG_WARN_EMPTY_BODY = YES;
				CLANG_WARN_ENUM_CONVERSION = YES;
				CLANG_WARN_INFINITE_RECURSION = YES;
				CLANG_WARN_INT_CONVERSION = YES;
				CLANG_WARN_NON_LITERAL_NULL_CONVERSION = YES;
				CLANG_WARN_OBJC_IMPLICIT_RETAIN_SELF = YES;
				CLANG_WARN_OBJC_LITERAL_CONVERSION = YES;
				CLANG_WARN_OBJC_ROOT_CLASS = YES_ERROR;
				CLANG_WARN_QUOTED_INCLUDE_IN_FRAMEWORK_HEADER = YES;
				CLANG_WARN_RANGE_LOOP_ANALYSIS = YES;
				CLANG_WARN_STRICT_PROTOTYPES = YES;
				CLANG_WARN_SUSPICIOUS_MOVE = YES;
				CLANG_WARN_UNGUARDED_AVAILABILITY = YES_AGGRESSIVE;
				CLANG_WARN_UNREACHABLE_CODE = YES;
				CLANG_WARN__DUPLICATE_METHOD_MATCH = YES;
				COPY_PHASE_STRIP = NO;
				DEBUG_INFORMATION_FORMAT = dwarf;
				ENABLE_STRICT_OBJC_MSGSEND = YES;
				ENABLE_TESTABILITY = YES;
				GCC_C_LANGUAGE_STANDARD = gnu11;
				GCC_DYNAMIC_NO_PIC = NO;
				GCC_NO_COMMON_BLOCKS = YES;
				GCC_OPTIMIZATION_LEVEL = 0;
				GCC_PREPROCESSOR_DEFINITIONS = (
					"DEBUG=1",
					"$(inherited)",
				);
				GCC_WARN_64_TO_32_BIT_CONVERSION = YES;
				GCC_WARN_ABOUT_RETURN_TYPE = YES_ERROR;
				GCC_WARN_UNDECLARED_SELECTOR = YES;
				GCC_WARN_UNINITIALIZED_AUTOS = YES_AGGRESSIVE;
				GCC_WARN_UNUSED_FUNCTION = YES;
				GCC_WARN_UNUSED_VARIABLE = YES;
				IPHONEOS_DEPLOYMENT_TARGET = 15.5;
				MTL_ENABLE_DEBUG_INFO = INCLUDE_SOURCE;
				MTL_FAST_MATH = YES;
				ONLY_ACTIVE_ARCH = YES;
				SDKROOT = iphoneos;
				SWIFT_ACTIVE_COMPILATION_CONDITIONS = DEBUG;
				SWIFT_OPTIMIZATION_LEVEL = "-Onone";
			};
			name = Debug;
		};
		C6827F35287CD6A600078791 /* Release */ = {
			isa = XCBuildConfiguration;
			buildSettings = {
				ALWAYS_SEARCH_USER_PATHS = NO;
				CLANG_ANALYZER_NONNULL = YES;
				CLANG_ANALYZER_NUMBER_OBJECT_CONVERSION = YES_AGGRESSIVE;
				CLANG_CXX_LANGUAGE_STANDARD = "gnu++17";
				CLANG_ENABLE_MODULES = YES;
				CLANG_ENABLE_OBJC_ARC = YES;
				CLANG_ENABLE_OBJC_WEAK = YES;
				CLANG_WARN_BLOCK_CAPTURE_AUTORELEASING = YES;
				CLANG_WARN_BOOL_CONVERSION = YES;
				CLANG_WARN_COMMA = YES;
				CLANG_WARN_CONSTANT_CONVERSION = YES;
				CLANG_WARN_DEPRECATED_OBJC_IMPLEMENTATIONS = YES;
				CLANG_WARN_DIRECT_OBJC_ISA_USAGE = YES_ERROR;
				CLANG_WARN_DOCUMENTATION_COMMENTS = YES;
				CLANG_WARN_EMPTY_BODY = YES;
				CLANG_WARN_ENUM_CONVERSION = YES;
				CLANG_WARN_INFINITE_RECURSION = YES;
				CLANG_WARN_INT_CONVERSION = YES;
				CLANG_WARN_NON_LITERAL_NULL_CONVERSION = YES;
				CLANG_WARN_OBJC_IMPLICIT_RETAIN_SELF = YES;
				CLANG_WARN_OBJC_LITERAL_CONVERSION = YES;
				CLANG_WARN_OBJC_ROOT_CLASS = YES_ERROR;
				CLANG_WARN_QUOTED_INCLUDE_IN_FRAMEWORK_HEADER = YES;
				CLANG_WARN_RANGE_LOOP_ANALYSIS = YES;
				CLANG_WARN_STRICT_PROTOTYPES = YES;
				CLANG_WARN_SUSPICIOUS_MOVE = YES;
				CLANG_WARN_UNGUARDED_AVAILABILITY = YES_AGGRESSIVE;
				CLANG_WARN_UNREACHABLE_CODE = YES;
				CLANG_WARN__DUPLICATE_METHOD_MATCH = YES;
				COPY_PHASE_STRIP = NO;
				DEBUG_INFORMATION_FORMAT = "dwarf-with-dsym";
				ENABLE_NS_ASSERTIONS = NO;
				ENABLE_STRICT_OBJC_MSGSEND = YES;
				GCC_C_LANGUAGE_STANDARD = gnu11;
				GCC_NO_COMMON_BLOCKS = YES;
				GCC_WARN_64_TO_32_BIT_CONVERSION = YES;
				GCC_WARN_ABOUT_RETURN_TYPE = YES_ERROR;
				GCC_WARN_UNDECLARED_SELECTOR = YES;
				GCC_WARN_UNINITIALIZED_AUTOS = YES_AGGRESSIVE;
				GCC_WARN_UNUSED_FUNCTION = YES;
				GCC_WARN_UNUSED_VARIABLE = YES;
				IPHONEOS_DEPLOYMENT_TARGET = 15.5;
				MTL_ENABLE_DEBUG_INFO = NO;
				MTL_FAST_MATH = YES;
				SDKROOT = iphoneos;
				SWIFT_COMPILATION_MODE = wholemodule;
				SWIFT_OPTIMIZATION_LEVEL = "-O";
				VALIDATE_PRODUCT = YES;
			};
			name = Release;
		};
		C6827F37287CD6A600078791 /* Debug */ = {
			isa = XCBuildConfiguration;
			buildSettings = {
				ASSETCATALOG_COMPILER_APPICON_NAME = AppIcon;
				ASSETCATALOG_COMPILER_GLOBAL_ACCENT_COLOR_NAME = AccentColor;
				CODE_SIGN_STYLE = Automatic;
				CURRENT_PROJECT_VERSION = 1;
				GENERATE_INFOPLIST_FILE = YES;
				INFOPLIST_FILE = ProjectA/Info.plist;
				INFOPLIST_KEY_UIApplicationSupportsIndirectInputEvents = YES;
				INFOPLIST_KEY_UILaunchStoryboardName = LaunchScreen;
				INFOPLIST_KEY_UIMainStoryboardFile = LaunchScreen;
				INFOPLIST_KEY_UISupportedInterfaceOrientations_iPad = "UIInterfaceOrientationPortrait UIInterfaceOrientationPortraitUpsideDown UIInterfaceOrientationLandscapeLeft UIInterfaceOrientationLandscapeRight";
				INFOPLIST_KEY_UISupportedInterfaceOrientations_iPhone = "UIInterfaceOrientationPortrait UIInterfaceOrientationLandscapeLeft UIInterfaceOrientationLandscapeRight";
				LD_RUNPATH_SEARCH_PATHS = (
					"$(inherited)",
					"@executable_path/Frameworks",
				);
				MARKETING_VERSION = 1.0;
				PRODUCT_BUNDLE_IDENTIFIER = summerlight.ProjectA;
				PRODUCT_NAME = "$(TARGET_NAME)";
				SWIFT_EMIT_LOC_STRINGS = YES;
				SWIFT_VERSION = 5.0;
				TARGETED_DEVICE_FAMILY = "1,2";
			};
			name = Debug;
		};
		C6827F38287CD6A600078791 /* Release */ = {
			isa = XCBuildConfiguration;
			buildSettings = {
				ASSETCATALOG_COMPILER_APPICON_NAME = AppIcon;
				ASSETCATALOG_COMPILER_GLOBAL_ACCENT_COLOR_NAME = AccentColor;
				CODE_SIGN_STYLE = Automatic;
				CURRENT_PROJECT_VERSION = 1;
				GENERATE_INFOPLIST_FILE = YES;
				INFOPLIST_FILE = ProjectA/Info.plist;
				INFOPLIST_KEY_UIApplicationSupportsIndirectInputEvents = YES;
				INFOPLIST_KEY_UILaunchStoryboardName = LaunchScreen;
				INFOPLIST_KEY_UIMainStoryboardFile = LaunchScreen;
				INFOPLIST_KEY_UISupportedInterfaceOrientations_iPad = "UIInterfaceOrientationPortrait UIInterfaceOrientationPortraitUpsideDown UIInterfaceOrientationLandscapeLeft UIInterfaceOrientationLandscapeRight";
				INFOPLIST_KEY_UISupportedInterfaceOrientations_iPhone = "UIInterfaceOrientationPortrait UIInterfaceOrientationLandscapeLeft UIInterfaceOrientationLandscapeRight";
				LD_RUNPATH_SEARCH_PATHS = (
					"$(inherited)",
					"@executable_path/Frameworks",
				);
				MARKETING_VERSION = 1.0;
				PRODUCT_BUNDLE_IDENTIFIER = summerlight.ProjectA;
				PRODUCT_NAME = "$(TARGET_NAME)";
				SWIFT_EMIT_LOC_STRINGS = YES;
				SWIFT_VERSION = 5.0;
				TARGETED_DEVICE_FAMILY = "1,2";
			};
			name = Release;
		};
		C6827F3A287CD6A600078791 /* Debug */ = {
			isa = XCBuildConfiguration;
			buildSettings = {
				ALWAYS_EMBED_SWIFT_STANDARD_LIBRARIES = YES;
				BUNDLE_LOADER = "$(TEST_HOST)";
				CODE_SIGN_STYLE = Automatic;
				CURRENT_PROJECT_VERSION = 1;
				GENERATE_INFOPLIST_FILE = YES;
				IPHONEOS_DEPLOYMENT_TARGET = 15.5;
				MARKETING_VERSION = 1.0;
				PRODUCT_BUNDLE_IDENTIFIER = summerlight.ProjectATests;
				PRODUCT_NAME = "$(TARGET_NAME)";
				SWIFT_EMIT_LOC_STRINGS = NO;
				SWIFT_VERSION = 5.0;
				TARGETED_DEVICE_FAMILY = "1,2";
				TEST_HOST = "$(BUILT_PRODUCTS_DIR)/ProjectA.app/ProjectA";
			};
			name = Debug;
		};
		C6827F3B287CD6A600078791 /* Release */ = {
			isa = XCBuildConfiguration;
			buildSettings = {
				ALWAYS_EMBED_SWIFT_STANDARD_LIBRARIES = YES;
				BUNDLE_LOADER = "$(TEST_HOST)";
				CODE_SIGN_STYLE = Automatic;
				CURRENT_PROJECT_VERSION = 1;
				GENERATE_INFOPLIST_FILE = YES;
				IPHONEOS_DEPLOYMENT_TARGET = 15.5;
				MARKETING_VERSION = 1.0;
				PRODUCT_BUNDLE_IDENTIFIER = summerlight.ProjectATests;
				PRODUCT_NAME = "$(TARGET_NAME)";
				SWIFT_EMIT_LOC_STRINGS = NO;
				SWIFT_VERSION = 5.0;
				TARGETED_DEVICE_FAMILY = "1,2";
				TEST_HOST = "$(BUILT_PRODUCTS_DIR)/ProjectA.app/ProjectA";
			};
			name = Release;
		};
		C6827F3D287CD6A600078791 /* Debug */ = {
			isa = XCBuildConfiguration;
			buildSettings = {
				ALWAYS_EMBED_SWIFT_STANDARD_LIBRARIES = YES;
				CODE_SIGN_STYLE = Automatic;
				CURRENT_PROJECT_VERSION = 1;
				GENERATE_INFOPLIST_FILE = YES;
				MARKETING_VERSION = 1.0;
				PRODUCT_BUNDLE_IDENTIFIER = summerlight.ProjectAUITests;
				PRODUCT_NAME = "$(TARGET_NAME)";
				SWIFT_EMIT_LOC_STRINGS = NO;
				SWIFT_VERSION = 5.0;
				TARGETED_DEVICE_FAMILY = "1,2";
				TEST_TARGET_NAME = ProjectA;
			};
			name = Debug;
		};
		C6827F3E287CD6A600078791 /* Release */ = {
			isa = XCBuildConfiguration;
			buildSettings = {
				ALWAYS_EMBED_SWIFT_STANDARD_LIBRARIES = YES;
				CODE_SIGN_STYLE = Automatic;
				CURRENT_PROJECT_VERSION = 1;
				GENERATE_INFOPLIST_FILE = YES;
				MARKETING_VERSION = 1.0;
				PRODUCT_BUNDLE_IDENTIFIER = summerlight.ProjectAUITests;
				PRODUCT_NAME = "$(TARGET_NAME)";
				SWIFT_EMIT_LOC_STRINGS = NO;
				SWIFT_VERSION = 5.0;
				TARGETED_DEVICE_FAMILY = "1,2";
				TEST_TARGET_NAME = ProjectA;
			};
			name = Release;
		};
/* End XCBuildConfiguration section */

/* Begin XCConfigurationList section */
		C6827F07287CD6A400078791 /* Build configuration list for PBXProject "ProjectA" */ = {
			isa = XCConfigurationList;
			buildConfigurations = (
				C6827F34287CD6A600078791 /* Debug */,
				C6827F35287CD6A600078791 /* Release */,
			);
			defaultConfigurationIsVisible = 0;
			defaultConfigurationName = Release;
		};
		C6827F36287CD6A600078791 /* Build configuration list for PBXNativeTarget "ProjectA" */ = {
			isa = XCConfigurationList;
			buildConfigurations = (
				C6827F37287CD6A600078791 /* Debug */,
				C6827F38287CD6A600078791 /* Release */,
			);
			defaultConfigurationIsVisible = 0;
			defaultConfigurationName = Release;
		};
		C6827F39287CD6A600078791 /* Build configuration list for PBXNativeTarget "ProjectATests" */ = {
			isa = XCConfigurationList;
			buildConfigurations = (
				C6827F3A287CD6A600078791 /* Debug */,
				C6827F3B287CD6A600078791 /* Release */,
			);
			defaultConfigurationIsVisible = 0;
			defaultConfigurationName = Release;
		};
		C6827F3C287CD6A600078791 /* Build configuration list for PBXNativeTarget "ProjectAUITests" */ = {
			isa = XCConfigurationList;
			buildConfigurations = (
				C6827F3D287CD6A600078791 /* Debug */,
				C6827F3E287CD6A600078791 /* Release */,
			);
			defaultConfigurationIsVisible = 0;
			defaultConfigurationName = Release;
		};
/* End XCConfigurationList section */
	};
	rootObject = C6827F04287CD6A400078791 /* Project object */;
}
